
Microsoft Visual Studio Solution File, Format Version 12.00
# Visual Studio 2017
Project("{FAE04EC0-301F-11D3-BF4B-00C04F79EFBC}") = "LegoWorld!", "LegoWorld!.csproj", "{142CD86A-7A66-A614-C089-4741D2B82793}"
EndProject
Project("{FAE04EC0-301F-11D3-BF4B-00C04F79EFBC}") = "LegoWorld!.Editor", "LegoWorld!.Editor.csproj", "{C36B4DCE-8B67-AE42-75CF-F3A9BCBA8ED8}"
EndProject
Global
	GlobalSection(SolutionConfigurationPlatforms) = preSolution
		Debug|Any CPU = Debug|Any CPU
		Release|Any CPU = Release|Any CPU
	EndGlobalSection
	GlobalSection(ProjectConfigurationPlatforms) = postSolution
		{142CD86A-7A66-A614-C089-4741D2B82793}.Debug|Any CPU.ActiveCfg = Debug|Any CPU
		{142CD86A-7A66-A614-C089-4741D2B82793}.Debug|Any CPU.Build.0 = Debug|Any CPU
		{142CD86A-7A66-A614-C089-4741D2B82793}.Release|Any CPU.ActiveCfg = Release|Any CPU
		{142CD86A-7A66-A614-C089-4741D2B82793}.Release|Any CPU.Build.0 = Release|Any CPU
		{C36B4DCE-8B67-AE42-75CF-F3A9BCBA8ED8}.Debug|Any CPU.ActiveCfg = Debug|Any CPU
		{C36B4DCE-8B67-AE42-75CF-F3A9BCBA8ED8}.Debug|Any CPU.Build.0 = Debug|Any CPU
		{C36B4DCE-8B67-AE42-75CF-F3A9BCBA8ED8}.Release|Any CPU.ActiveCfg = Release|Any CPU
		{C36B4DCE-8B67-AE42-75CF-F3A9BCBA8ED8}.Release|Any CPU.Build.0 = Release|Any CPU
	EndGlobalSection
	GlobalSection(SolutionProperties) = preSolution
		HideSolutionNode = FALSE
	EndGlobalSection
EndGlobal
